
Microsoft Visual Studio Solution File, Format Version 12.00
# Visual Studio Version 17
VisualStudioVersion = 17.2.32616.157
MinimumVisualStudioVersion = 10.0.40219.1
Project("{2150E333-8FDC-42A3-9474-1A3956D46DE8}") = "1.0 Domain", "1.0 Domain", "{C21A2FB6-6A3A-402F-B75E-DEDD1C239674}"
EndProject
Project("{2150E333-8FDC-42A3-9474-1A3956D46DE8}") = "2.0 Infraestructure", "2.0 Infraestructure", "{D03B027A-4C6A-4AFB-BBB8-F4EDF2AA3B12}"
EndProject
Project("{2150E333-8FDC-42A3-9474-1A3956D46DE8}") = "2.1 Data", "2.1 Data", "{E67FCFE2-06A4-43B9-8448-D7F56A7D2498}"
EndProject
Project("{2150E333-8FDC-42A3-9474-1A3956D46DE8}") = "2.2 CrossCutting", "2.2 CrossCutting", "{40745DB8-A0F9-41A1-95C0-55DA11B5EFAE}"
EndProject
Project("{2150E333-8FDC-42A3-9474-1A3956D46DE8}") = "3.0 Service", "3.0 Service", "{4AF5FCB4-E8C3-4216-9D74-9EE25A563E62}"
EndProject
Project("{2150E333-8FDC-42A3-9474-1A3956D46DE8}") = "4.0 Application", "4.0 Application", "{4AD36359-1E5C-4905-BA10-7048FB54B3D2}"
EndProject
Project("{2150E333-8FDC-42A3-9474-1A3956D46DE8}") = "5.0 Presentation", "5.0 Presentation", "{4EFE9406-0F8F-4EBD-BA99-BAF61C74F88E}"
EndProject
Project("{9A19103F-16F7-4668-BE54-9A1E7A4F7556}") = "DDDApi.Domain", "DDDApi.Domain\DDDApi.Domain.csproj", "{31FEA755-C54A-444D-A2F7-4F14894C09A3}"
EndProject
Project("{9A19103F-16F7-4668-BE54-9A1E7A4F7556}") = "DDDApi.Domain.Core", "DDDApi.Domain.Core\DDDApi.Domain.Core.csproj", "{D7065A08-402E-46A6-A19C-E1B8396A51CB}"
EndProject
Project("{9A19103F-16F7-4668-BE54-9A1E7A4F7556}") = "DDDApi.Infra.Data", "DDDApi.Infra.Data\DDDApi.Infra.Data.csproj", "{C88380FF-AE27-4217-B4EE-77645A2DBF5D}"
EndProject
Project("{9A19103F-16F7-4668-BE54-9A1E7A4F7556}") = "DDDApi.Infra.CrossCutting", "DDDApi.Infra.CrossCutting\DDDApi.Infra.CrossCutting.csproj", "{35C95868-C2A3-487A-B56D-DA7A1EBC835A}"
EndProject
Project("{9A19103F-16F7-4668-BE54-9A1E7A4F7556}") = "DDDApi.Service", "DDDApi.Service\DDDApi.Service.csproj", "{9A70AAE9-8A9E-40E1-A76C-8B69A755FD27}"
EndProject
Project("{9A19103F-16F7-4668-BE54-9A1E7A4F7556}") = "DDDApi.Application", "DDDApi.Application\DDDApi.Application.csproj", "{DFB56897-A0EF-46E0-BC24-F632E222F3C2}"
EndProject
Project("{2150E333-8FDC-42A3-9474-1A3956D46DE8}") = "2.3 IoC", "2.3 IoC", "{6F446C87-9983-45FB-AA73-2F7D6F2FF672}"
EndProject
Project("{9A19103F-16F7-4668-BE54-9A1E7A4F7556}") = "DDDApi.Infra.IoC", "DDDApi.Infra.IoC\DDDApi.Infra.IoC.csproj", "{801AEE44-E5D2-4FA3-BF43-9800D76518A0}"
EndProject
Project("{9A19103F-16F7-4668-BE54-9A1E7A4F7556}") = "DDDApi.WebApplication", "DDDApi.WebApplication\DDDApi.WebApplication.csproj", "{0C8BD739-1C65-4108-AE66-DA412CC78B96}"
EndProject
Project("{2150E333-8FDC-42A3-9474-1A3956D46DE8}") = "2.4 Auth", "2.4 Auth", "{ECA21A15-529E-4EA2-8F56-23FA88E67C43}"
EndProject
Project("{9A19103F-16F7-4668-BE54-9A1E7A4F7556}") = "DDDApi.Infra.Auth", "DDDApi.Infra.Auth\DDDApi.Infra.Auth.csproj", "{7413F20C-F4E9-4040-9BCC-9EF175DEA0C4}"
EndProject
Project("{2150E333-8FDC-42A3-9474-1A3956D46DE8}") = "2.5 Queue", "2.5 Queue", "{501A3B93-F6EF-4DF2-8B96-AE2706127715}"
EndProject
Project("{9A19103F-16F7-4668-BE54-9A1E7A4F7556}") = "DDDApi.Infra.Queue", "DDDApi.Infra.Queue\DDDApi.Infra.Queue.csproj", "{6CE4D19E-22C6-4964-BADD-5F38BAE82AF0}"
EndProject
Project("{2150E333-8FDC-42A3-9474-1A3956D46DE8}") = "2.6 Email", "2.6 Email", "{5E313FBD-E00C-4CD2-A58A-680046A0EBA6}"
EndProject
Project("{FAE04EC0-301F-11D3-BF4B-00C04F79EFBC}") = "DDDApi.Infra.Email", "DDDApi.Infra.Email\DDDApi.Infra.Email.csproj", "{970949A2-74F1-4354-8B1F-DF63F9FAA57C}"
EndProject
Global
	GlobalSection(SolutionConfigurationPlatforms) = preSolution
		Debug|Any CPU = Debug|Any CPU
		Release|Any CPU = Release|Any CPU
	EndGlobalSection
	GlobalSection(ProjectConfigurationPlatforms) = postSolution
		{31FEA755-C54A-444D-A2F7-4F14894C09A3}.Debug|Any CPU.ActiveCfg = Debug|Any CPU
		{31FEA755-C54A-444D-A2F7-4F14894C09A3}.Debug|Any CPU.Build.0 = Debug|Any CPU
		{31FEA755-C54A-444D-A2F7-4F14894C09A3}.Release|Any CPU.ActiveCfg = Release|Any CPU
		{31FEA755-C54A-444D-A2F7-4F14894C09A3}.Release|Any CPU.Build.0 = Release|Any CPU
		{D7065A08-402E-46A6-A19C-E1B8396A51CB}.Debug|Any CPU.ActiveCfg = Debug|Any CPU
		{D7065A08-402E-46A6-A19C-E1B8396A51CB}.Debug|Any CPU.Build.0 = Debug|Any CPU
		{D7065A08-402E-46A6-A19C-E1B8396A51CB}.Release|Any CPU.ActiveCfg = Release|Any CPU
		{D7065A08-402E-46A6-A19C-E1B8396A51CB}.Release|Any CPU.Build.0 = Release|Any CPU
		{C88380FF-AE27-4217-B4EE-77645A2DBF5D}.Debug|Any CPU.ActiveCfg = Debug|Any CPU
		{C88380FF-AE27-4217-B4EE-77645A2DBF5D}.Debug|Any CPU.Build.0 = Debug|Any CPU
		{C88380FF-AE27-4217-B4EE-77645A2DBF5D}.Release|Any CPU.ActiveCfg = Release|Any CPU
		{C88380FF-AE27-4217-B4EE-77645A2DBF5D}.Release|Any CPU.Build.0 = Release|Any CPU
		{35C95868-C2A3-487A-B56D-DA7A1EBC835A}.Debug|Any CPU.ActiveCfg = Debug|Any CPU
		{35C95868-C2A3-487A-B56D-DA7A1EBC835A}.Debug|Any CPU.Build.0 = Debug|Any CPU
		{35C95868-C2A3-487A-B56D-DA7A1EBC835A}.Release|Any CPU.ActiveCfg = Release|Any CPU
		{35C95868-C2A3-487A-B56D-DA7A1EBC835A}.Release|Any CPU.Build.0 = Release|Any CPU
		{9A70AAE9-8A9E-40E1-A76C-8B69A755FD27}.Debug|Any CPU.ActiveCfg = Debug|Any CPU
		{9A70AAE9-8A9E-40E1-A76C-8B69A755FD27}.Debug|Any CPU.Build.0 = Debug|Any CPU
		{9A70AAE9-8A9E-40E1-A76C-8B69A755FD27}.Release|Any CPU.ActiveCfg = Release|Any CPU
		{9A70AAE9-8A9E-40E1-A76C-8B69A755FD27}.Release|Any CPU.Build.0 = Release|Any CPU
		{DFB56897-A0EF-46E0-BC24-F632E222F3C2}.Debug|Any CPU.ActiveCfg = Debug|Any CPU
		{DFB56897-A0EF-46E0-BC24-F632E222F3C2}.Debug|Any CPU.Build.0 = Debug|Any CPU
		{DFB56897-A0EF-46E0-BC24-F632E222F3C2}.Release|Any CPU.ActiveCfg = Release|Any CPU
		{DFB56897-A0EF-46E0-BC24-F632E222F3C2}.Release|Any CPU.Build.0 = Release|Any CPU
		{801AEE44-E5D2-4FA3-BF43-9800D76518A0}.Debug|Any CPU.ActiveCfg = Debug|Any CPU
		{801AEE44-E5D2-4FA3-BF43-9800D76518A0}.Debug|Any CPU.Build.0 = Debug|Any CPU
		{801AEE44-E5D2-4FA3-BF43-9800D76518A0}.Release|Any CPU.ActiveCfg = Release|Any CPU
		{801AEE44-E5D2-4FA3-BF43-9800D76518A0}.Release|Any CPU.Build.0 = Release|Any CPU
		{0C8BD739-1C65-4108-AE66-DA412CC78B96}.Debug|Any CPU.ActiveCfg = Debug|Any CPU
		{0C8BD739-1C65-4108-AE66-DA412CC78B96}.Debug|Any CPU.Build.0 = Debug|Any CPU
		{0C8BD739-1C65-4108-AE66-DA412CC78B96}.Release|Any CPU.ActiveCfg = Release|Any CPU
		{0C8BD739-1C65-4108-AE66-DA412CC78B96}.Release|Any CPU.Build.0 = Release|Any CPU
		{7413F20C-F4E9-4040-9BCC-9EF175DEA0C4}.Debug|Any CPU.ActiveCfg = Debug|Any CPU
		{7413F20C-F4E9-4040-9BCC-9EF175DEA0C4}.Debug|Any CPU.Build.0 = Debug|Any CPU
		{7413F20C-F4E9-4040-9BCC-9EF175DEA0C4}.Release|Any CPU.ActiveCfg = Release|Any CPU
		{7413F20C-F4E9-4040-9BCC-9EF175DEA0C4}.Release|Any CPU.Build.0 = Release|Any CPU
		{6CE4D19E-22C6-4964-BADD-5F38BAE82AF0}.Debug|Any CPU.ActiveCfg = Debug|Any CPU
		{6CE4D19E-22C6-4964-BADD-5F38BAE82AF0}.Debug|Any CPU.Build.0 = Debug|Any CPU
		{6CE4D19E-22C6-4964-BADD-5F38BAE82AF0}.Release|Any CPU.ActiveCfg = Release|Any CPU
		{6CE4D19E-22C6-4964-BADD-5F38BAE82AF0}.Release|Any CPU.Build.0 = Release|Any CPU
		{970949A2-74F1-4354-8B1F-DF63F9FAA57C}.Debug|Any CPU.ActiveCfg = Debug|Any CPU
		{970949A2-74F1-4354-8B1F-DF63F9FAA57C}.Debug|Any CPU.Build.0 = Debug|Any CPU
		{970949A2-74F1-4354-8B1F-DF63F9FAA57C}.Release|Any CPU.ActiveCfg = Release|Any CPU
		{970949A2-74F1-4354-8B1F-DF63F9FAA57C}.Release|Any CPU.Build.0 = Release|Any CPU
	EndGlobalSection
	GlobalSection(SolutionProperties) = preSolution
		HideSolutionNode = FALSE
	EndGlobalSection
	GlobalSection(NestedProjects) = preSolution
		{E67FCFE2-06A4-43B9-8448-D7F56A7D2498} = {D03B027A-4C6A-4AFB-BBB8-F4EDF2AA3B12}
		{40745DB8-A0F9-41A1-95C0-55DA11B5EFAE} = {D03B027A-4C6A-4AFB-BBB8-F4EDF2AA3B12}
		{31FEA755-C54A-444D-A2F7-4F14894C09A3} = {C21A2FB6-6A3A-402F-B75E-DEDD1C239674}
		{D7065A08-402E-46A6-A19C-E1B8396A51CB} = {C21A2FB6-6A3A-402F-B75E-DEDD1C239674}
		{C88380FF-AE27-4217-B4EE-77645A2DBF5D} = {E67FCFE2-06A4-43B9-8448-D7F56A7D2498}
		{35C95868-C2A3-487A-B56D-DA7A1EBC835A} = {40745DB8-A0F9-41A1-95C0-55DA11B5EFAE}
		{9A70AAE9-8A9E-40E1-A76C-8B69A755FD27} = {4AF5FCB4-E8C3-4216-9D74-9EE25A563E62}
		{DFB56897-A0EF-46E0-BC24-F632E222F3C2} = {4AD36359-1E5C-4905-BA10-7048FB54B3D2}
		{6F446C87-9983-45FB-AA73-2F7D6F2FF672} = {D03B027A-4C6A-4AFB-BBB8-F4EDF2AA3B12}
		{801AEE44-E5D2-4FA3-BF43-9800D76518A0} = {6F446C87-9983-45FB-AA73-2F7D6F2FF672}
		{0C8BD739-1C65-4108-AE66-DA412CC78B96} = {4EFE9406-0F8F-4EBD-BA99-BAF61C74F88E}
		{ECA21A15-529E-4EA2-8F56-23FA88E67C43} = {D03B027A-4C6A-4AFB-BBB8-F4EDF2AA3B12}
		{7413F20C-F4E9-4040-9BCC-9EF175DEA0C4} = {ECA21A15-529E-4EA2-8F56-23FA88E67C43}
		{501A3B93-F6EF-4DF2-8B96-AE2706127715} = {D03B027A-4C6A-4AFB-BBB8-F4EDF2AA3B12}
		{6CE4D19E-22C6-4964-BADD-5F38BAE82AF0} = {501A3B93-F6EF-4DF2-8B96-AE2706127715}
		{5E313FBD-E00C-4CD2-A58A-680046A0EBA6} = {D03B027A-4C6A-4AFB-BBB8-F4EDF2AA3B12}
		{970949A2-74F1-4354-8B1F-DF63F9FAA57C} = {5E313FBD-E00C-4CD2-A58A-680046A0EBA6}
	EndGlobalSection
	GlobalSection(ExtensibilityGlobals) = postSolution
		SolutionGuid = {0DE1226E-430E-42ED-B0EE-3D9C80B7A56E}
	EndGlobalSection
EndGlobal
